
Microsoft Visual Studio Solution File, Format Version 11.00
# Visual Studio 2010
Project("{FAE04EC0-301F-11D3-BF4B-00C04F79EFBC}") = "Simple.Data.Informix", "Simple.Data.Informix\Simple.Data.Informix.csproj", "{070D9B30-0470-4B6A-9E01-1BEB569106F8}"
EndProject
Project("{FAE04EC0-301F-11D3-BF4B-00C04F79EFBC}") = "Simple.Data.Informix.Tests", "Simple.Data.Informix.Tests\Simple.Data.Informix.Tests.csproj", "{D2CB3008-2619-4930-869F-9A839EF8B048}"
EndProject
Global
	GlobalSection(SolutionConfigurationPlatforms) = preSolution
		Debug|Any CPU = Debug|Any CPU
		Release|Any CPU = Release|Any CPU
	EndGlobalSection
	GlobalSection(ProjectConfigurationPlatforms) = postSolution
		{070D9B30-0470-4B6A-9E01-1BEB569106F8}.Debug|Any CPU.ActiveCfg = Debug|Any CPU
		{070D9B30-0470-4B6A-9E01-1BEB569106F8}.Debug|Any CPU.Build.0 = Debug|Any CPU
		{070D9B30-0470-4B6A-9E01-1BEB569106F8}.Release|Any CPU.ActiveCfg = Release|Any CPU
		{070D9B30-0470-4B6A-9E01-1BEB569106F8}.Release|Any CPU.Build.0 = Release|Any CPU
		{D2CB3008-2619-4930-869F-9A839EF8B048}.Debug|Any CPU.ActiveCfg = Debug|Any CPU
		{D2CB3008-2619-4930-869F-9A839EF8B048}.Debug|Any CPU.Build.0 = Debug|Any CPU
		{D2CB3008-2619-4930-869F-9A839EF8B048}.Release|Any CPU.ActiveCfg = Release|Any CPU
		{D2CB3008-2619-4930-869F-9A839EF8B048}.Release|Any CPU.Build.0 = Release|Any CPU
	EndGlobalSection
	GlobalSection(SolutionProperties) = preSolution
		HideSolutionNode = FALSE
	EndGlobalSection
EndGlobal
